
Microsoft Visual Studio Solution File, Format Version 12.00
# Visual Studio Version 17
VisualStudioVersion = 17.8.34330.188
MinimumVisualStudioVersion = 10.0.40219.1

Project("{2150E333-8FDC-42A3-9474-1A3956D46DE8}") = "Services", "Services", "{4A5B1C2D-3E4F-5A6B-7C8D-9E0F1A2B3C4D}"
EndProject
Project("{2150E333-8FDC-42A3-9474-1A3956D46DE8}") = "Functions", "Functions", "{5B6C2D3E-4F5A-6B7C-8D9E-0F1A2B3C4D5E}"
EndProject
Project("{2150E333-8FDC-42A3-9474-1A3956D46DE8}") = "Shared", "Shared", "{6C7D3E4F-5A6B-7C8D-9E0F-1A2B3C4D5E6F}"
EndProject
Project("{2150E333-8FDC-42A3-9474-1A3956D46DE8}") = "Gateway", "Gateway", "{7D8E4F5A-6B7C-8D9E-0F1A-2B3C4D5E6F7A}"
EndProject
Project("{2150E333-8FDC-42A3-9474-1A3956D46DE8}") = "Tests", "Tests", "{8E9F5A6B-7C8D-9E0F-1A2B-3C4D5E6F7A8B}"
EndProject

Project("{FAE04EC0-301F-11D3-BF4B-00C04F79EFBC}") = "TradingEngine.API", "src\Services\TradingEngine.API\TradingEngine.API.csproj", "{A1B2C3D4-E5F6-7A8B-9C0D-1E2F3A4B5C6D}"
EndProject
Project("{FAE04EC0-301F-11D3-BF4B-00C04F79EFBC}") = "Portfolio.API", "src\Services\Portfolio.API\Portfolio.API.csproj", "{B2C3D4E5-F6A7-8B9C-0D1E-2F3A4B5C6D7E}"
EndProject
Project("{FAE04EC0-301F-11D3-BF4B-00C04F79EFBC}") = "RiskAnalysis.API", "src\Services\RiskAnalysis.API\RiskAnalysis.API.csproj", "{C3D4E5F6-A7B8-9C0D-1E2F-3A4B5C6D7E8F}"
EndProject
Project("{FAE04EC0-301F-11D3-BF4B-00C04F79EFBC}") = "MarketData.API", "src\Services\MarketData.API\MarketData.API.csproj", "{D4E5F6A7-B8C9-0D1E-2F3A-4B5C6D7E8F9A}"
EndProject
Project("{FAE04EC0-301F-11D3-BF4B-00C04F79EFBC}") = "Reporting.API", "src\Services\Reporting.API\Reporting.API.csproj", "{E5F6A7B8-C9D0-1E2F-3A4B-5C6D7E8F9A0B}"
EndProject
Project("{FAE04EC0-301F-11D3-BF4B-00C04F79EFBC}") = "Notification.API", "src\Services\Notification.API\Notification.API.csproj", "{F6A7B8C9-D0E1-2F3A-4B5C-6D7E8F9A0B1C}"
EndProject

Project("{FAE04EC0-301F-11D3-BF4B-00C04F79EFBC}") = "OrderProcessing.Functions", "src\Functions\OrderProcessing.Functions\OrderProcessing.Functions.csproj", "{A7B8C9D0-E1F2-3A4B-5C6D-7E8F9A0B1C2D}"
EndProject
Project("{FAE04EC0-301F-11D3-BF4B-00C04F79EFBC}") = "DataPipeline.Functions", "src\Functions\DataPipeline.Functions\DataPipeline.Functions.csproj", "{B8C9D0E1-F2A3-4B5C-6D7E-8F9A0B1C2D3E}"
EndProject

Project("{FAE04EC0-301F-11D3-BF4B-00C04F79EFBC}") = "Common", "src\Shared\Common\Common.csproj", "{C9D0E1F2-A3B4-5C6D-7E8F-9A0B1C2D3E4F}"
EndProject
Project("{FAE04EC0-301F-11D3-BF4B-00C04F79EFBC}") = "EventContracts", "src\Shared\EventContracts\EventContracts.csproj", "{D0E1F2A3-B4C5-6D7E-8F9A-0B1C2D3E4F5A}"
EndProject
Project("{FAE04EC0-301F-11D3-BF4B-00C04F79EFBC}") = "Infrastructure", "src\Shared\Infrastructure\Infrastructure.csproj", "{E1F2A3B4-C5D6-7E8F-9A0B-1C2D3E4F5A6B}"
EndProject

Project("{FAE04EC0-301F-11D3-BF4B-00C04F79EFBC}") = "API.Gateway", "src\Gateway\API.Gateway\API.Gateway.csproj", "{F2A3B4C5-D6E7-8F9A-0B1C-2D3E4F5A6B7C}"
EndProject

Global
	GlobalSection(SolutionConfigurationPlatforms) = preSolution
		Debug|Any CPU = Debug|Any CPU
		Release|Any CPU = Release|Any CPU
	EndGlobalSection
	GlobalSection(ProjectConfigurationPlatforms) = postSolution
		{A1B2C3D4-E5F6-7A8B-9C0D-1E2F3A4B5C6D}.Debug|Any CPU.ActiveCfg = Debug|Any CPU
		{A1B2C3D4-E5F6-7A8B-9C0D-1E2F3A4B5C6D}.Debug|Any CPU.Build.0 = Debug|Any CPU
		{A1B2C3D4-E5F6-7A8B-9C0D-1E2F3A4B5C6D}.Release|Any CPU.ActiveCfg = Release|Any CPU
		{A1B2C3D4-E5F6-7A8B-9C0D-1E2F3A4B5C6D}.Release|Any CPU.Build.0 = Release|Any CPU
		{B2C3D4E5-F6A7-8B9C-0D1E-2F3A4B5C6D7E}.Debug|Any CPU.ActiveCfg = Debug|Any CPU
		{B2C3D4E5-F6A7-8B9C-0D1E-2F3A4B5C6D7E}.Debug|Any CPU.Build.0 = Debug|Any CPU
		{B2C3D4E5-F6A7-8B9C-0D1E-2F3A4B5C6D7E}.Release|Any CPU.ActiveCfg = Release|Any CPU
		{B2C3D4E5-F6A7-8B9C-0D1E-2F3A4B5C6D7E}.Release|Any CPU.Build.0 = Release|Any CPU
		{C3D4E5F6-A7B8-9C0D-1E2F-3A4B5C6D7E8F}.Debug|Any CPU.ActiveCfg = Debug|Any CPU
		{C3D4E5F6-A7B8-9C0D-1E2F-3A4B5C6D7E8F}.Debug|Any CPU.Build.0 = Debug|Any CPU
		{C3D4E5F6-A7B8-9C0D-1E2F-3A4B5C6D7E8F}.Release|Any CPU.ActiveCfg = Release|Any CPU
		{C3D4E5F6-A7B8-9C0D-1E2F-3A4B5C6D7E8F}.Release|Any CPU.Build.0 = Release|Any CPU
		{D4E5F6A7-B8C9-0D1E-2F3A-4B5C6D7E8F9A}.Debug|Any CPU.ActiveCfg = Debug|Any CPU
		{D4E5F6A7-B8C9-0D1E-2F3A-4B5C6D7E8F9A}.Debug|Any CPU.Build.0 = Debug|Any CPU
		{D4E5F6A7-B8C9-0D1E-2F3A-4B5C6D7E8F9A}.Release|Any CPU.ActiveCfg = Release|Any CPU
		{D4E5F6A7-B8C9-0D1E-2F3A-4B5C6D7E8F9A}.Release|Any CPU.Build.0 = Release|Any CPU
		{E5F6A7B8-C9D0-1E2F-3A4B-5C6D7E8F9A0B}.Debug|Any CPU.ActiveCfg = Debug|Any CPU
		{E5F6A7B8-C9D0-1E2F-3A4B-5C6D7E8F9A0B}.Debug|Any CPU.Build.0 = Debug|Any CPU
		{E5F6A7B8-C9D0-1E2F-3A4B-5C6D7E8F9A0B}.Release|Any CPU.ActiveCfg = Release|Any CPU
		{E5F6A7B8-C9D0-1E2F-3A4B-5C6D7E8F9A0B}.Release|Any CPU.Build.0 = Release|Any CPU
		{F6A7B8C9-D0E1-2F3A-4B5C-6D7E8F9A0B1C}.Debug|Any CPU.ActiveCfg = Debug|Any CPU
		{F6A7B8C9-D0E1-2F3A-4B5C-6D7E8F9A0B1C}.Debug|Any CPU.Build.0 = Debug|Any CPU
		{F6A7B8C9-D0E1-2F3A-4B5C-6D7E8F9A0B1C}.Release|Any CPU.ActiveCfg = Release|Any CPU
		{F6A7B8C9-D0E1-2F3A-4B5C-6D7E8F9A0B1C}.Release|Any CPU.Build.0 = Release|Any CPU
		{A7B8C9D0-E1F2-3A4B-5C6D-7E8F9A0B1C2D}.Debug|Any CPU.ActiveCfg = Debug|Any CPU
		{A7B8C9D0-E1F2-3A4B-5C6D-7E8F9A0B1C2D}.Debug|Any CPU.Build.0 = Debug|Any CPU
		{A7B8C9D0-E1F2-3A4B-5C6D-7E8F9A0B1C2D}.Release|Any CPU.ActiveCfg = Release|Any CPU
		{A7B8C9D0-E1F2-3A4B-5C6D-7E8F9A0B1C2D}.Release|Any CPU.Build.0 = Release|Any CPU
		{B8C9D0E1-F2A3-4B5C-6D7E-8F9A0B1C2D3E}.Debug|Any CPU.ActiveCfg = Debug|Any CPU
		{B8C9D0E1-F2A3-4B5C-6D7E-8F9A0B1C2D3E}.Debug|Any CPU.Build.0 = Debug|Any CPU
		{B8C9D0E1-F2A3-4B5C-6D7E-8F9A0B1C2D3E}.Release|Any CPU.ActiveCfg = Release|Any CPU
		{B8C9D0E1-F2A3-4B5C-6D7E-8F9A0B1C2D3E}.Release|Any CPU.Build.0 = Release|Any CPU
		{C9D0E1F2-A3B4-5C6D-7E8F-9A0B1C2D3E4F}.Debug|Any CPU.ActiveCfg = Debug|Any CPU
		{C9D0E1F2-A3B4-5C6D-7E8F-9A0B1C2D3E4F}.Debug|Any CPU.Build.0 = Debug|Any CPU
		{C9D0E1F2-A3B4-5C6D-7E8F-9A0B1C2D3E4F}.Release|Any CPU.ActiveCfg = Release|Any CPU
		{C9D0E1F2-A3B4-5C6D-7E8F-9A0B1C2D3E4F}.Release|Any CPU.Build.0 = Release|Any CPU
		{D0E1F2A3-B4C5-6D7E-8F9A-0B1C2D3E4F5A}.Debug|Any CPU.ActiveCfg = Debug|Any CPU
		{D0E1F2A3-B4C5-6D7E-8F9A-0B1C2D3E4F5A}.Debug|Any CPU.Build.0 = Debug|Any CPU
		{D0E1F2A3-B4C5-6D7E-8F9A-0B1C2D3E4F5A}.Release|Any CPU.ActiveCfg = Release|Any CPU
		{D0E1F2A3-B4C5-6D7E-8F9A-0B1C2D3E4F5A}.Release|Any CPU.Build.0 = Release|Any CPU
		{E1F2A3B4-C5D6-7E8F-9A0B-1C2D3E4F5A6B}.Debug|Any CPU.ActiveCfg = Debug|Any CPU
		{E1F2A3B4-C5D6-7E8F-9A0B-1C2D3E4F5A6B}.Debug|Any CPU.Build.0 = Debug|Any CPU
		{E1F2A3B4-C5D6-7E8F-9A0B-1C2D3E4F5A6B}.Release|Any CPU.ActiveCfg = Release|Any CPU
		{E1F2A3B4-C5D6-7E8F-9A0B-1C2D3E4F5A6B}.Release|Any CPU.Build.0 = Release|Any CPU
		{F2A3B4C5-D6E7-8F9A-0B1C-2D3E4F5A6B7C}.Debug|Any CPU.ActiveCfg = Debug|Any CPU
		{F2A3B4C5-D6E7-8F9A-0B1C-2D3E4F5A6B7C}.Debug|Any CPU.Build.0 = Debug|Any CPU
		{F2A3B4C5-D6E7-8F9A-0B1C-2D3E4F5A6B7C}.Release|Any CPU.ActiveCfg = Release|Any CPU
		{F2A3B4C5-D6E7-8F9A-0B1C-2D3E4F5A6B7C}.Release|Any CPU.Build.0 = Release|Any CPU
	EndGlobalSection
	GlobalSection(NestedProjects) = preSolution
		{A1B2C3D4-E5F6-7A8B-9C0D-1E2F3A4B5C6D} = {4A5B1C2D-3E4F-5A6B-7C8D-9E0F1A2B3C4D}
		{B2C3D4E5-F6A7-8B9C-0D1E-2F3A4B5C6D7E} = {4A5B1C2D-3E4F-5A6B-7C8D-9E0F1A2B3C4D}
		{C3D4E5F6-A7B8-9C0D-1E2F-3A4B5C6D7E8F} = {4A5B1C2D-3E4F-5A6B-7C8D-9E0F1A2B3C4D}
		{D4E5F6A7-B8C9-0D1E-2F3A-4B5C6D7E8F9A} = {4A5B1C2D-3E4F-5A6B-7C8D-9E0F1A2B3C4D}
		{E5F6A7B8-C9D0-1E2F-3A4B-5C6D7E8F9A0B} = {4A5B1C2D-3E4F-5A6B-7C8D-9E0F1A2B3C4D}
		{F6A7B8C9-D0E1-2F3A-4B5C-6D7E8F9A0B1C} = {4A5B1C2D-3E4F-5A6B-7C8D-9E0F1A2B3C4D}
		{A7B8C9D0-E1F2-3A4B-5C6D-7E8F9A0B1C2D} = {5B6C2D3E-4F5A-6B7C-8D9E-0F1A2B3C4D5E}
		{B8C9D0E1-F2A3-4B5C-6D7E-8F9A0B1C2D3E} = {5B6C2D3E-4F5A-6B7C-8D9E-0F1A2B3C4D5E}
		{C9D0E1F2-A3B4-5C6D-7E8F-9A0B1C2D3E4F} = {6C7D3E4F-5A6B-7C8D-9E0F-1A2B3C4D5E6F}
		{D0E1F2A3-B4C5-6D7E-8F9A-0B1C2D3E4F5A} = {6C7D3E4F-5A6B-7C8D-9E0F-1A2B3C4D5E6F}
		{E1F2A3B4-C5D6-7E8F-9A0B-1C2D3E4F5A6B} = {6C7D3E4F-5A6B-7C8D-9E0F-1A2B3C4D5E6F}
		{F2A3B4C5-D6E7-8F9A-0B1C-2D3E4F5A6B7C} = {7D8E4F5A-6B7C-8D9E-0F1A-2B3C4D5E6F7A}
	EndGlobalSection
EndGlobal
